// !$*UTF8*$!
{
	archiveVersion = 1;
	classes = {
	};
	objectVersion = 56;
	objects = {

/* Begin PBXBuildFile section */
		9A4E80382C143E520078558E /* AppDelegate.swift in Sources */ = {isa = PBXBuildFile; fileRef = 9A4E80372C143E520078558E /* AppDelegate.swift */; };
		9A4E803A2C143E520078558E /* SceneDelegate.swift in Sources */ = {isa = PBXBuildFile; fileRef = 9A4E80392C143E520078558E /* SceneDelegate.swift */; };
		9A4E803C2C143E520078558E /* ViewController.swift in Sources */ = {isa = PBXBuildFile; fileRef = 9A4E803B2C143E520078558E /* ViewController.swift */; };
		9A4E803F2C143E520078558E /* Main.storyboard in Resources */ = {isa = PBXBuildFile; fileRef = 9A4E803D2C143E520078558E /* Main.storyboard */; };
		9A4E80422C143E520078558E /* Movie_App.xcdatamodeld in Sources */ = {isa = PBXBuildFile; fileRef = 9A4E80402C143E520078558E /* Movie_App.xcdatamodeld */; };
		9A4E80442C143E530078558E /* Assets.xcassets in Resources */ = {isa = PBXBuildFile; fileRef = 9A4E80432C143E530078558E /* Assets.xcassets */; };
		9A4E80472C143E530078558E /* LaunchScreen.storyboard in Resources */ = {isa = PBXBuildFile; fileRef = 9A4E80452C143E530078558E /* LaunchScreen.storyboard */; };
		9A4E80522C143E530078558E /* Movie_AppTests.swift in Sources */ = {isa = PBXBuildFile; fileRef = 9A4E80512C143E530078558E /* Movie_AppTests.swift */; };
		9A4E805C2C143E530078558E /* Movie_AppUITests.swift in Sources */ = {isa = PBXBuildFile; fileRef = 9A4E805B2C143E530078558E /* Movie_AppUITests.swift */; };
		9A4E805E2C143E530078558E /* Movie_AppUITestsLaunchTests.swift in Sources */ = {isa = PBXBuildFile; fileRef = 9A4E805D2C143E530078558E /* Movie_AppUITestsLaunchTests.swift */; };
		9A4E806D2C145CEC0078558E /* HomeScreenViewController.swift in Sources */ = {isa = PBXBuildFile; fileRef = 9A4E806B2C145CEC0078558E /* HomeScreenViewController.swift */; };
		9A4E80702C145DDB0078558E /* HomeScreenViewController.storyboard in Resources */ = {isa = PBXBuildFile; fileRef = 9A4E806F2C145DDB0078558E /* HomeScreenViewController.storyboard */; };
		9A4E80722C145DFF0078558E /* HomeScreenViewModel.swift in Sources */ = {isa = PBXBuildFile; fileRef = 9A4E80712C145DFF0078558E /* HomeScreenViewModel.swift */; };
		9A4E80742C145F920078558E /* NetworkService.swift in Sources */ = {isa = PBXBuildFile; fileRef = 9A4E80732C145F920078558E /* NetworkService.swift */; };
		9A4E80782C1460760078558E /* Movie.swift in Sources */ = {isa = PBXBuildFile; fileRef = 9A4E80772C1460760078558E /* Movie.swift */; };
		9A4E807D2C14C60F0078558E /* ObservableObject.swift in Sources */ = {isa = PBXBuildFile; fileRef = 9A4E807C2C14C60F0078558E /* ObservableObject.swift */; };
		9A4E80802C14CF6C0078558E /* CategoryViewTableViewCell.swift in Sources */ = {isa = PBXBuildFile; fileRef = 9A4E807F2C14CF6C0078558E /* CategoryViewTableViewCell.swift */; };
/* End PBXBuildFile section */

/* Begin PBXContainerItemProxy section */
		9A4E804E2C143E530078558E /* PBXContainerItemProxy */ = {
			isa = PBXContainerItemProxy;
			containerPortal = 9A4E802C2C143E520078558E /* Project object */;
			proxyType = 1;
			remoteGlobalIDString = 9A4E80332C143E520078558E;
			remoteInfo = "Movie App";
		};
		9A4E80582C143E530078558E /* PBXContainerItemProxy */ = {
			isa = PBXContainerItemProxy;
			containerPortal = 9A4E802C2C143E520078558E /* Project object */;
			proxyType = 1;
			remoteGlobalIDString = 9A4E80332C143E520078558E;
			remoteInfo = "Movie App";
		};
/* End PBXContainerItemProxy section */

/* Begin PBXFileReference section */
		9A4E80342C143E520078558E /* Movie App.app */ = {isa = PBXFileReference; explicitFileType = wrapper.application; includeInIndex = 0; path = "Movie App.app"; sourceTree = BUILT_PRODUCTS_DIR; };
		9A4E80372C143E520078558E /* AppDelegate.swift */ = {isa = PBXFileReference; lastKnownFileType = sourcecode.swift; path = AppDelegate.swift; sourceTree = "<group>"; };
		9A4E80392C143E520078558E /* SceneDelegate.swift */ = {isa = PBXFileReference; lastKnownFileType = sourcecode.swift; path = SceneDelegate.swift; sourceTree = "<group>"; };
		9A4E803B2C143E520078558E /* ViewController.swift */ = {isa = PBXFileReference; lastKnownFileType = sourcecode.swift; path = ViewController.swift; sourceTree = "<group>"; };
		9A4E803E2C143E520078558E /* Base */ = {isa = PBXFileReference; lastKnownFileType = file.storyboard; name = Base; path = Base.lproj/Main.storyboard; sourceTree = "<group>"; };
		9A4E80412C143E520078558E /* Movie_App.xcdatamodel */ = {isa = PBXFileReference; lastKnownFileType = wrapper.xcdatamodel; path = Movie_App.xcdatamodel; sourceTree = "<group>"; };
		9A4E80432C143E530078558E /* Assets.xcassets */ = {isa = PBXFileReference; lastKnownFileType = folder.assetcatalog; path = Assets.xcassets; sourceTree = "<group>"; };
		9A4E80462C143E530078558E /* Base */ = {isa = PBXFileReference; lastKnownFileType = file.storyboard; name = Base; path = Base.lproj/LaunchScreen.storyboard; sourceTree = "<group>"; };
		9A4E80482C143E530078558E /* Info.plist */ = {isa = PBXFileReference; lastKnownFileType = text.plist.xml; path = Info.plist; sourceTree = "<group>"; };
		9A4E804D2C143E530078558E /* Movie AppTests.xctest */ = {isa = PBXFileReference; explicitFileType = wrapper.cfbundle; includeInIndex = 0; path = "Movie AppTests.xctest"; sourceTree = BUILT_PRODUCTS_DIR; };
		9A4E80512C143E530078558E /* Movie_AppTests.swift */ = {isa = PBXFileReference; lastKnownFileType = sourcecode.swift; path = Movie_AppTests.swift; sourceTree = "<group>"; };
		9A4E80572C143E530078558E /* Movie AppUITests.xctest */ = {isa = PBXFileReference; explicitFileType = wrapper.cfbundle; includeInIndex = 0; path = "Movie AppUITests.xctest"; sourceTree = BUILT_PRODUCTS_DIR; };
		9A4E805B2C143E530078558E /* Movie_AppUITests.swift */ = {isa = PBXFileReference; lastKnownFileType = sourcecode.swift; path = Movie_AppUITests.swift; sourceTree = "<group>"; };
		9A4E805D2C143E530078558E /* Movie_AppUITestsLaunchTests.swift */ = {isa = PBXFileReference; lastKnownFileType = sourcecode.swift; path = Movie_AppUITestsLaunchTests.swift; sourceTree = "<group>"; };
		9A4E806B2C145CEC0078558E /* HomeScreenViewController.swift */ = {isa = PBXFileReference; lastKnownFileType = sourcecode.swift; path = HomeScreenViewController.swift; sourceTree = "<group>"; };
		9A4E806F2C145DDB0078558E /* HomeScreenViewController.storyboard */ = {isa = PBXFileReference; lastKnownFileType = file.storyboard; path = HomeScreenViewController.storyboard; sourceTree = "<group>"; };
		9A4E80712C145DFF0078558E /* HomeScreenViewModel.swift */ = {isa = PBXFileReference; lastKnownFileType = sourcecode.swift; path = HomeScreenViewModel.swift; sourceTree = "<group>"; };
		9A4E80732C145F920078558E /* NetworkService.swift */ = {isa = PBXFileReference; lastKnownFileType = sourcecode.swift; path = NetworkService.swift; sourceTree = "<group>"; };
		9A4E80772C1460760078558E /* Movie.swift */ = {isa = PBXFileReference; lastKnownFileType = sourcecode.swift; path = Movie.swift; sourceTree = "<group>"; };
		9A4E807C2C14C60F0078558E /* ObservableObject.swift */ = {isa = PBXFileReference; lastKnownFileType = sourcecode.swift; path = ObservableObject.swift; sourceTree = "<group>"; };
		9A4E807F2C14CF6C0078558E /* CategoryViewTableViewCell.swift */ = {isa = PBXFileReference; lastKnownFileType = sourcecode.swift; path = CategoryViewTableViewCell.swift; sourceTree = "<group>"; };
/* End PBXFileReference section */

/* Begin PBXFrameworksBuildPhase section */
		9A4E80312C143E520078558E /* Frameworks */ = {
			isa = PBXFrameworksBuildPhase;
			buildActionMask = 2147483647;
			files = (
			);
			runOnlyForDeploymentPostprocessing = 0;
		};
		9A4E804A2C143E530078558E /* Frameworks */ = {
			isa = PBXFrameworksBuildPhase;
			buildActionMask = 2147483647;
			files = (
			);
			runOnlyForDeploymentPostprocessing = 0;
		};
		9A4E80542C143E530078558E /* Frameworks */ = {
			isa = PBXFrameworksBuildPhase;
			buildActionMask = 2147483647;
			files = (
			);
			runOnlyForDeploymentPostprocessing = 0;
		};
/* End PBXFrameworksBuildPhase section */

/* Begin PBXGroup section */
		9A4E802B2C143E520078558E = {
			isa = PBXGroup;
			children = (
				9A4E80362C143E520078558E /* Movie App */,
				9A4E80502C143E530078558E /* Movie AppTests */,
				9A4E805A2C143E530078558E /* Movie AppUITests */,
				9A4E80352C143E520078558E /* Products */,
			);
			sourceTree = "<group>";
		};
		9A4E80352C143E520078558E /* Products */ = {
			isa = PBXGroup;
			children = (
				9A4E80342C143E520078558E /* Movie App.app */,
				9A4E804D2C143E530078558E /* Movie AppTests.xctest */,
				9A4E80572C143E530078558E /* Movie AppUITests.xctest */,
			);
			name = Products;
			sourceTree = "<group>";
		};
		9A4E80362C143E520078558E /* Movie App */ = {
			isa = PBXGroup;
			children = (
				9A4E807E2C14CF290078558E /* CategoryView */,
				9A4E807A2C1466430078558E /* NetworkService */,
				9A4E80792C1466330078558E /* Model */,
				9A4E806A2C145CAC0078558E /* HomeScreenView */,
				9A4E80372C143E520078558E /* AppDelegate.swift */,
				9A4E80392C143E520078558E /* SceneDelegate.swift */,
				9A4E803B2C143E520078558E /* ViewController.swift */,
				9A4E803D2C143E520078558E /* Main.storyboard */,
				9A4E80432C143E530078558E /* Assets.xcassets */,
				9A4E80452C143E530078558E /* LaunchScreen.storyboard */,
				9A4E80482C143E530078558E /* Info.plist */,
				9A4E80402C143E520078558E /* Movie_App.xcdatamodeld */,
				9A4E807C2C14C60F0078558E /* ObservableObject.swift */,
			);
			path = "Movie App";
			sourceTree = "<group>";
		};
		9A4E80502C143E530078558E /* Movie AppTests */ = {
			isa = PBXGroup;
			children = (
				9A4E80512C143E530078558E /* Movie_AppTests.swift */,
			);
			path = "Movie AppTests";
			sourceTree = "<group>";
		};
		9A4E805A2C143E530078558E /* Movie AppUITests */ = {
			isa = PBXGroup;
			children = (
				9A4E805B2C143E530078558E /* Movie_AppUITests.swift */,
				9A4E805D2C143E530078558E /* Movie_AppUITestsLaunchTests.swift */,
			);
			path = "Movie AppUITests";
			sourceTree = "<group>";
		};
		9A4E806A2C145CAC0078558E /* HomeScreenView */ = {
			isa = PBXGroup;
			children = (
				9A4E806B2C145CEC0078558E /* HomeScreenViewController.swift */,
				9A4E806F2C145DDB0078558E /* HomeScreenViewController.storyboard */,
				9A4E80712C145DFF0078558E /* HomeScreenViewModel.swift */,
			);
			path = HomeScreenView;
			sourceTree = "<group>";
		};
		9A4E80792C1466330078558E /* Model */ = {
			isa = PBXGroup;
			children = (
				9A4E80772C1460760078558E /* Movie.swift */,
			);
			path = Model;
			sourceTree = "<group>";
		};
		9A4E807A2C1466430078558E /* NetworkService */ = {
			isa = PBXGroup;
			children = (
				9A4E80732C145F920078558E /* NetworkService.swift */,
			);
			path = NetworkService;
			sourceTree = "<group>";
		};
		9A4E807E2C14CF290078558E /* CategoryView */ = {
			isa = PBXGroup;
			children = (
				9A4E807F2C14CF6C0078558E /* CategoryViewTableViewCell.swift */,
			);
			path = CategoryView;
			sourceTree = "<group>";
		};
/* End PBXGroup section */

/* Begin PBXNativeTarget section */
		9A4E80332C143E520078558E /* Movie App */ = {
			isa = PBXNativeTarget;
			buildConfigurationList = 9A4E80612C143E530078558E /* Build configuration list for PBXNativeTarget "Movie App" */;
			buildPhases = (
				9A4E80302C143E520078558E /* Sources */,
				9A4E80312C143E520078558E /* Frameworks */,
				9A4E80322C143E520078558E /* Resources */,
			);
			buildRules = (
			);
			dependencies = (
			);
			name = "Movie App";
			productName = "Movie App";
			productReference = 9A4E80342C143E520078558E /* Movie App.app */;
			productType = "com.apple.product-type.application";
		};
		9A4E804C2C143E530078558E /* Movie AppTests */ = {
			isa = PBXNativeTarget;
			buildConfigurationList = 9A4E80642C143E530078558E /* Build configuration list for PBXNativeTarget "Movie AppTests" */;
			buildPhases = (
				9A4E80492C143E530078558E /* Sources */,
				9A4E804A2C143E530078558E /* Frameworks */,
				9A4E804B2C143E530078558E /* Resources */,
			);
			buildRules = (
			);
			dependencies = (
				9A4E804F2C143E530078558E /* PBXTargetDependency */,
			);
			name = "Movie AppTests";
			productName = "Movie AppTests";
			productReference = 9A4E804D2C143E530078558E /* Movie AppTests.xctest */;
			productType = "com.apple.product-type.bundle.unit-test";
		};
		9A4E80562C143E530078558E /* Movie AppUITests */ = {
			isa = PBXNativeTarget;
			buildConfigurationList = 9A4E80672C143E530078558E /* Build configuration list for PBXNativeTarget "Movie AppUITests" */;
			buildPhases = (
				9A4E80532C143E530078558E /* Sources */,
				9A4E80542C143E530078558E /* Frameworks */,
				9A4E80552C143E530078558E /* Resources */,
			);
			buildRules = (
			);
			dependencies = (
				9A4E80592C143E530078558E /* PBXTargetDependency */,
			);
			name = "Movie AppUITests";
			productName = "Movie AppUITests";
			productReference = 9A4E80572C143E530078558E /* Movie AppUITests.xctest */;
			productType = "com.apple.product-type.bundle.ui-testing";
		};
/* End PBXNativeTarget section */

/* Begin PBXProject section */
		9A4E802C2C143E520078558E /* Project object */ = {
			isa = PBXProject;
			attributes = {
				BuildIndependentTargetsInParallel = 1;
				LastSwiftUpdateCheck = 1500;
				LastUpgradeCheck = 1500;
				TargetAttributes = {
					9A4E80332C143E520078558E = {
						CreatedOnToolsVersion = 15.0.1;
					};
					9A4E804C2C143E530078558E = {
						CreatedOnToolsVersion = 15.0.1;
						TestTargetID = 9A4E80332C143E520078558E;
					};
					9A4E80562C143E530078558E = {
						CreatedOnToolsVersion = 15.0.1;
						TestTargetID = 9A4E80332C143E520078558E;
					};
				};
			};
			buildConfigurationList = 9A4E802F2C143E520078558E /* Build configuration list for PBXProject "Movie App" */;
			compatibilityVersion = "Xcode 14.0";
			developmentRegion = en;
			hasScannedForEncodings = 0;
			knownRegions = (
				en,
				Base,
			);
			mainGroup = 9A4E802B2C143E520078558E;
			productRefGroup = 9A4E80352C143E520078558E /* Products */;
			projectDirPath = "";
			projectRoot = "";
			targets = (
				9A4E80332C143E520078558E /* Movie App */,
				9A4E804C2C143E530078558E /* Movie AppTests */,
				9A4E80562C143E530078558E /* Movie AppUITests */,
			);
		};
/* End PBXProject section */

/* Begin PBXResourcesBuildPhase section */
		9A4E80322C143E520078558E /* Resources */ = {
			isa = PBXResourcesBuildPhase;
			buildActionMask = 2147483647;
			files = (
				9A4E80472C143E530078558E /* LaunchScreen.storyboard in Resources */,
				9A4E80442C143E530078558E /* Assets.xcassets in Resources */,
				9A4E80702C145DDB0078558E /* HomeScreenViewController.storyboard in Resources */,
				9A4E803F2C143E520078558E /* Main.storyboard in Resources */,
			);
			runOnlyForDeploymentPostprocessing = 0;
		};
		9A4E804B2C143E530078558E /* Resources */ = {
			isa = PBXResourcesBuildPhase;
			buildActionMask = 2147483647;
			files = (
			);
			runOnlyForDeploymentPostprocessing = 0;
		};
		9A4E80552C143E530078558E /* Resources */ = {
			isa = PBXResourcesBuildPhase;
			buildActionMask = 2147483647;
			files = (
			);
			runOnlyForDeploymentPostprocessing = 0;
		};
/* End PBXResourcesBuildPhase section */

/* Begin PBXSourcesBuildPhase section */
		9A4E80302C143E520078558E /* Sources */ = {
			isa = PBXSourcesBuildPhase;
			buildActionMask = 2147483647;
			files = (
				9A4E803C2C143E520078558E /* ViewController.swift in Sources */,
				9A4E80722C145DFF0078558E /* HomeScreenViewModel.swift in Sources */,
				9A4E80382C143E520078558E /* AppDelegate.swift in Sources */,
				9A4E80422C143E520078558E /* Movie_App.xcdatamodeld in Sources */,
				9A4E803A2C143E520078558E /* SceneDelegate.swift in Sources */,
				9A4E806D2C145CEC0078558E /* HomeScreenViewController.swift in Sources */,
				9A4E80802C14CF6C0078558E /* CategoryViewTableViewCell.swift in Sources */,
				9A4E80782C1460760078558E /* Movie.swift in Sources */,
				9A4E80742C145F920078558E /* NetworkService.swift in Sources */,
				9A4E807D2C14C60F0078558E /* ObservableObject.swift in Sources */,
			);
			runOnlyForDeploymentPostprocessing = 0;
		};
		9A4E80492C143E530078558E /* Sources */ = {
			isa = PBXSourcesBuildPhase;
			buildActionMask = 2147483647;
			files = (
				9A4E80522C143E530078558E /* Movie_AppTests.swift in Sources */,
			);
			runOnlyForDeploymentPostprocessing = 0;
		};
		9A4E80532C143E530078558E /* Sources */ = {
			isa = PBXSourcesBuildPhase;
			buildActionMask = 2147483647;
			files = (
				9A4E805C2C143E530078558E /* Movie_AppUITests.swift in Sources */,
				9A4E805E2C143E530078558E /* Movie_AppUITestsLaunchTests.swift in Sources */,
			);
			runOnlyForDeploymentPostprocessing = 0;
		};
/* End PBXSourcesBuildPhase section */

/* Begin PBXTargetDependency section */
		9A4E804F2C143E530078558E /* PBXTargetDependency */ = {
			isa = PBXTargetDependency;
			target = 9A4E80332C143E520078558E /* Movie App */;
			targetProxy = 9A4E804E2C143E530078558E /* PBXContainerItemProxy */;
		};
		9A4E80592C143E530078558E /* PBXTargetDependency */ = {
			isa = PBXTargetDependency;
			target = 9A4E80332C143E520078558E /* Movie App */;
			targetProxy = 9A4E80582C143E530078558E /* PBXContainerItemProxy */;
		};
/* End PBXTargetDependency section */

/* Begin PBXVariantGroup section */
		9A4E803D2C143E520078558E /* Main.storyboard */ = {
			isa = PBXVariantGroup;
			children = (
				9A4E803E2C143E520078558E /* Base */,
			);
			name = Main.storyboard;
			sourceTree = "<group>";
		};
		9A4E80452C143E530078558E /* LaunchScreen.storyboard */ = {
			isa = PBXVariantGroup;
			children = (
				9A4E80462C143E530078558E /* Base */,
			);
			name = LaunchScreen.storyboard;
			sourceTree = "<group>";
		};
/* End PBXVariantGroup section */

/* Begin XCBuildConfiguration section */
		9A4E805F2C143E530078558E /* Debug */ = {
			isa = XCBuildConfiguration;
			buildSettings = {
				ALWAYS_SEARCH_USER_PATHS = NO;
				ASSETCATALOG_COMPILER_GENERATE_SWIFT_ASSET_SYMBOL_EXTENSIONS = YES;
				CLANG_ANALYZER_NONNULL = YES;
				CLANG_ANALYZER_NUMBER_OBJECT_CONVERSION = YES_AGGRESSIVE;
				CLANG_CXX_LANGUAGE_STANDARD = "gnu++20";
				CLANG_ENABLE_MODULES = YES;
				CLANG_ENABLE_OBJC_ARC = YES;
				CLANG_ENABLE_OBJC_WEAK = YES;
				CLANG_WARN_BLOCK_CAPTURE_AUTORELEASING = YES;
				CLANG_WARN_BOOL_CONVERSION = YES;
				CLANG_WARN_COMMA = YES;
				CLANG_WARN_CONSTANT_CONVERSION = YES;
				CLANG_WARN_DEPRECATED_OBJC_IMPLEMENTATIONS = YES;
				CLANG_WARN_DIRECT_OBJC_ISA_USAGE = YES_ERROR;
				CLANG_WARN_DOCUMENTATION_COMMENTS = YES;
				CLANG_WARN_EMPTY_BODY = YES;
				CLANG_WARN_ENUM_CONVERSION = YES;
				CLANG_WARN_INFINITE_RECURSION = YES;
				CLANG_WARN_INT_CONVERSION = YES;
				CLANG_WARN_NON_LITERAL_NULL_CONVERSION = YES;
				CLANG_WARN_OBJC_IMPLICIT_RETAIN_SELF = YES;
				CLANG_WARN_OBJC_LITERAL_CONVERSION = YES;
				CLANG_WARN_OBJC_ROOT_CLASS = YES_ERROR;
				CLANG_WARN_QUOTED_INCLUDE_IN_FRAMEWORK_HEADER = YES;
				CLANG_WARN_RANGE_LOOP_ANALYSIS = YES;
				CLANG_WARN_STRICT_PROTOTYPES = YES;
				CLANG_WARN_SUSPICIOUS_MOVE = YES;
				CLANG_WARN_UNGUARDED_AVAILABILITY = YES_AGGRESSIVE;
				CLANG_WARN_UNREACHABLE_CODE = YES;
				CLANG_WARN__DUPLICATE_METHOD_MATCH = YES;
				COPY_PHASE_STRIP = NO;
				DEBUG_INFORMATION_FORMAT = dwarf;
				ENABLE_STRICT_OBJC_MSGSEND = YES;
				ENABLE_TESTABILITY = YES;
				ENABLE_USER_SCRIPT_SANDBOXING = YES;
				GCC_C_LANGUAGE_STANDARD = gnu17;
				GCC_DYNAMIC_NO_PIC = NO;
				GCC_NO_COMMON_BLOCKS = YES;
				GCC_OPTIMIZATION_LEVEL = 0;
				GCC_PREPROCESSOR_DEFINITIONS = (
					"DEBUG=1",
					"$(inherited)",
				);
				GCC_WARN_64_TO_32_BIT_CONVERSION = YES;
				GCC_WARN_ABOUT_RETURN_TYPE = YES_ERROR;
				GCC_WARN_UNDECLARED_SELECTOR = YES;
				GCC_WARN_UNINITIALIZED_AUTOS = YES_AGGRESSIVE;
				GCC_WARN_UNUSED_FUNCTION = YES;
				GCC_WARN_UNUSED_VARIABLE = YES;
				IPHONEOS_DEPLOYMENT_TARGET = 17.0;
				LOCALIZATION_PREFERS_STRING_CATALOGS = YES;
				MTL_ENABLE_DEBUG_INFO = INCLUDE_SOURCE;
				MTL_FAST_MATH = YES;
				ONLY_ACTIVE_ARCH = YES;
				SDKROOT = iphoneos;
				SWIFT_ACTIVE_COMPILATION_CONDITIONS = "DEBUG $(inherited)";
				SWIFT_OPTIMIZATION_LEVEL = "-Onone";
			};
			name = Debug;
		};
		9A4E80602C143E530078558E /* Release */ = {
			isa = XCBuildConfiguration;
			buildSettings = {
				ALWAYS_SEARCH_USER_PATHS = NO;
				ASSETCATALOG_COMPILER_GENERATE_SWIFT_ASSET_SYMBOL_EXTENSIONS = YES;
				CLANG_ANALYZER_NONNULL = YES;
				CLANG_ANALYZER_NUMBER_OBJECT_CONVERSION = YES_AGGRESSIVE;
				CLANG_CXX_LANGUAGE_STANDARD = "gnu++20";
				CLANG_ENABLE_MODULES = YES;
				CLANG_ENABLE_OBJC_ARC = YES;
				CLANG_ENABLE_OBJC_WEAK = YES;
				CLANG_WARN_BLOCK_CAPTURE_AUTORELEASING = YES;
				CLANG_WARN_BOOL_CONVERSION = YES;
				CLANG_WARN_COMMA = YES;
				CLANG_WARN_CONSTANT_CONVERSION = YES;
				CLANG_WARN_DEPRECATED_OBJC_IMPLEMENTATIONS = YES;
				CLANG_WARN_DIRECT_OBJC_ISA_USAGE = YES_ERROR;
				CLANG_WARN_DOCUMENTATION_COMMENTS = YES;
				CLANG_WARN_EMPTY_BODY = YES;
				CLANG_WARN_ENUM_CONVERSION = YES;
				CLANG_WARN_INFINITE_RECURSION = YES;
				CLANG_WARN_INT_CONVERSION = YES;
				CLANG_WARN_NON_LITERAL_NULL_CONVERSION = YES;
				CLANG_WARN_OBJC_IMPLICIT_RETAIN_SELF = YES;
				CLANG_WARN_OBJC_LITERAL_CONVERSION = YES;
				CLANG_WARN_OBJC_ROOT_CLASS = YES_ERROR;
				CLANG_WARN_QUOTED_INCLUDE_IN_FRAMEWORK_HEADER = YES;
				CLANG_WARN_RANGE_LOOP_ANALYSIS = YES;
				CLANG_WARN_STRICT_PROTOTYPES = YES;
				CLANG_WARN_SUSPICIOUS_MOVE = YES;
				CLANG_WARN_UNGUARDED_AVAILABILITY = YES_AGGRESSIVE;
				CLANG_WARN_UNREACHABLE_CODE = YES;
				CLANG_WARN__DUPLICATE_METHOD_MATCH = YES;
				COPY_PHASE_STRIP = NO;
				DEBUG_INFORMATION_FORMAT = "dwarf-with-dsym";
				ENABLE_NS_ASSERTIONS = NO;
				ENABLE_STRICT_OBJC_MSGSEND = YES;
				ENABLE_USER_SCRIPT_SANDBOXING = YES;
				GCC_C_LANGUAGE_STANDARD = gnu17;
				GCC_NO_COMMON_BLOCKS = YES;
				GCC_WARN_64_TO_32_BIT_CONVERSION = YES;
				GCC_WARN_ABOUT_RETURN_TYPE = YES_ERROR;
				GCC_WARN_UNDECLARED_SELECTOR = YES;
				GCC_WARN_UNINITIALIZED_AUTOS = YES_AGGRESSIVE;
				GCC_WARN_UNUSED_FUNCTION = YES;
				GCC_WARN_UNUSED_VARIABLE = YES;
				IPHONEOS_DEPLOYMENT_TARGET = 17.0;
				LOCALIZATION_PREFERS_STRING_CATALOGS = YES;
				MTL_ENABLE_DEBUG_INFO = NO;
				MTL_FAST_MATH = YES;
				SDKROOT = iphoneos;
				SWIFT_COMPILATION_MODE = wholemodule;
				VALIDATE_PRODUCT = YES;
			};
			name = Release;
		};
		9A4E80622C143E530078558E /* Debug */ = {
			isa = XCBuildConfiguration;
			buildSettings = {
				ASSETCATALOG_COMPILER_APPICON_NAME = AppIcon;
				ASSETCATALOG_COMPILER_GLOBAL_ACCENT_COLOR_NAME = AccentColor;
				CODE_SIGN_STYLE = Automatic;
				CURRENT_PROJECT_VERSION = 1;
				DEVELOPMENT_TEAM = Y6P982HXJT;
				GENERATE_INFOPLIST_FILE = YES;
				INFOPLIST_FILE = "Movie App/Info.plist";
				INFOPLIST_KEY_UIApplicationSupportsIndirectInputEvents = YES;
				INFOPLIST_KEY_UILaunchStoryboardName = LaunchScreen;
				INFOPLIST_KEY_UIMainStoryboardFile = HomeScreenViewController;
				INFOPLIST_KEY_UISupportedInterfaceOrientations_iPad = "UIInterfaceOrientationPortrait UIInterfaceOrientationPortraitUpsideDown UIInterfaceOrientationLandscapeLeft UIInterfaceOrientationLandscapeRight";
				INFOPLIST_KEY_UISupportedInterfaceOrientations_iPhone = "UIInterfaceOrientationPortrait UIInterfaceOrientationLandscapeLeft UIInterfaceOrientationLandscapeRight";
				LD_RUNPATH_SEARCH_PATHS = (
					"$(inherited)",
					"@executable_path/Frameworks",
				);
				MARKETING_VERSION = 1.0;
				PRODUCT_BUNDLE_IDENTIFIER = "abc.Movie-App";
				PRODUCT_NAME = "$(TARGET_NAME)";
				SWIFT_EMIT_LOC_STRINGS = YES;
				SWIFT_VERSION = 5.0;
				TARGETED_DEVICE_FAMILY = "1,2";
			};
			name = Debug;
		};
		9A4E80632C143E530078558E /* Release */ = {
			isa = XCBuildConfiguration;
			buildSettings = {
				ASSETCATALOG_COMPILER_APPICON_NAME = AppIcon;
				ASSETCATALOG_COMPILER_GLOBAL_ACCENT_COLOR_NAME = AccentColor;
				CODE_SIGN_STYLE = Automatic;
				CURRENT_PROJECT_VERSION = 1;
				DEVELOPMENT_TEAM = Y6P982HXJT;
				GENERATE_INFOPLIST_FILE = YES;
				INFOPLIST_FILE = "Movie App/Info.plist";
				INFOPLIST_KEY_UIApplicationSupportsIndirectInputEvents = YES;
				INFOPLIST_KEY_UILaunchStoryboardName = LaunchScreen;
				INFOPLIST_KEY_UIMainStoryboardFile = HomeScreenViewController;
				INFOPLIST_KEY_UISupportedInterfaceOrientations_iPad = "UIInterfaceOrientationPortrait UIInterfaceOrientationPortraitUpsideDown UIInterfaceOrientationLandscapeLeft UIInterfaceOrientationLandscapeRight";
				INFOPLIST_KEY_UISupportedInterfaceOrientations_iPhone = "UIInterfaceOrientationPortrait UIInterfaceOrientationLandscapeLeft UIInterfaceOrientationLandscapeRight";
				LD_RUNPATH_SEARCH_PATHS = (
					"$(inherited)",
					"@executable_path/Frameworks",
				);
				MARKETING_VERSION = 1.0;
				PRODUCT_BUNDLE_IDENTIFIER = "abc.Movie-App";
				PRODUCT_NAME = "$(TARGET_NAME)";
				SWIFT_EMIT_LOC_STRINGS = YES;
				SWIFT_VERSION = 5.0;
				TARGETED_DEVICE_FAMILY = "1,2";
			};
			name = Release;
		};
		9A4E80652C143E530078558E /* Debug */ = {
			isa = XCBuildConfiguration;
			buildSettings = {
				ALWAYS_EMBED_SWIFT_STANDARD_LIBRARIES = YES;
				BUNDLE_LOADER = "$(TEST_HOST)";
				CODE_SIGN_STYLE = Automatic;
				CURRENT_PROJECT_VERSION = 1;
				DEVELOPMENT_TEAM = Y6P982HXJT;
				GENERATE_INFOPLIST_FILE = YES;
				IPHONEOS_DEPLOYMENT_TARGET = 17.0;
				MARKETING_VERSION = 1.0;
				PRODUCT_BUNDLE_IDENTIFIER = "abc.Movie-AppTests";
				PRODUCT_NAME = "$(TARGET_NAME)";
				SWIFT_EMIT_LOC_STRINGS = NO;
				SWIFT_VERSION = 5.0;
				TARGETED_DEVICE_FAMILY = "1,2";
				TEST_HOST = "$(BUILT_PRODUCTS_DIR)/Movie App.app/$(BUNDLE_EXECUTABLE_FOLDER_PATH)/Movie App";
			};
			name = Debug;
		};
		9A4E80662C143E530078558E /* Release */ = {
			isa = XCBuildConfiguration;
			buildSettings = {
				ALWAYS_EMBED_SWIFT_STANDARD_LIBRARIES = YES;
				BUNDLE_LOADER = "$(TEST_HOST)";
				CODE_SIGN_STYLE = Automatic;
				CURRENT_PROJECT_VERSION = 1;
				DEVELOPMENT_TEAM = Y6P982HXJT;
				GENERATE_INFOPLIST_FILE = YES;
				IPHONEOS_DEPLOYMENT_TARGET = 17.0;
				MARKETING_VERSION = 1.0;
				PRODUCT_BUNDLE_IDENTIFIER = "abc.Movie-AppTests";
				PRODUCT_NAME = "$(TARGET_NAME)";
				SWIFT_EMIT_LOC_STRINGS = NO;
				SWIFT_VERSION = 5.0;
				TARGETED_DEVICE_FAMILY = "1,2";
				TEST_HOST = "$(BUILT_PRODUCTS_DIR)/Movie App.app/$(BUNDLE_EXECUTABLE_FOLDER_PATH)/Movie App";
			};
			name = Release;
		};
		9A4E80682C143E530078558E /* Debug */ = {
			isa = XCBuildConfiguration;
			buildSettings = {
				ALWAYS_EMBED_SWIFT_STANDARD_LIBRARIES = YES;
				CODE_SIGN_STYLE = Automatic;
				CURRENT_PROJECT_VERSION = 1;
				DEVELOPMENT_TEAM = Y6P982HXJT;
				GENERATE_INFOPLIST_FILE = YES;
				MARKETING_VERSION = 1.0;
				PRODUCT_BUNDLE_IDENTIFIER = "abc.Movie-AppUITests";
				PRODUCT_NAME = "$(TARGET_NAME)";
				SWIFT_EMIT_LOC_STRINGS = NO;
				SWIFT_VERSION = 5.0;
				TARGETED_DEVICE_FAMILY = "1,2";
				TEST_TARGET_NAME = "Movie App";
			};
			name = Debug;
		};
		9A4E80692C143E530078558E /* Release */ = {
			isa = XCBuildConfiguration;
			buildSettings = {
				ALWAYS_EMBED_SWIFT_STANDARD_LIBRARIES = YES;
				CODE_SIGN_STYLE = Automatic;
				CURRENT_PROJECT_VERSION = 1;
				DEVELOPMENT_TEAM = Y6P982HXJT;
				GENERATE_INFOPLIST_FILE = YES;
				MARKETING_VERSION = 1.0;
				PRODUCT_BUNDLE_IDENTIFIER = "abc.Movie-AppUITests";
				PRODUCT_NAME = "$(TARGET_NAME)";
				SWIFT_EMIT_LOC_STRINGS = NO;
				SWIFT_VERSION = 5.0;
				TARGETED_DEVICE_FAMILY = "1,2";
				TEST_TARGET_NAME = "Movie App";
			};
			name = Release;
		};
/* End XCBuildConfiguration section */

/* Begin XCConfigurationList section */
		9A4E802F2C143E520078558E /* Build configuration list for PBXProject "Movie App" */ = {
			isa = XCConfigurationList;
			buildConfigurations = (
				9A4E805F2C143E530078558E /* Debug */,
				9A4E80602C143E530078558E /* Release */,
			);
			defaultConfigurationIsVisible = 0;
			defaultConfigurationName = Release;
		};
		9A4E80612C143E530078558E /* Build configuration list for PBXNativeTarget "Movie App" */ = {
			isa = XCConfigurationList;
			buildConfigurations = (
				9A4E80622C143E530078558E /* Debug */,
				9A4E80632C143E530078558E /* Release */,
			);
			defaultConfigurationIsVisible = 0;
			defaultConfigurationName = Release;
		};
		9A4E80642C143E530078558E /* Build configuration list for PBXNativeTarget "Movie AppTests" */ = {
			isa = XCConfigurationList;
			buildConfigurations = (
				9A4E80652C143E530078558E /* Debug */,
				9A4E80662C143E530078558E /* Release */,
			);
			defaultConfigurationIsVisible = 0;
			defaultConfigurationName = Release;
		};
		9A4E80672C143E530078558E /* Build configuration list for PBXNativeTarget "Movie AppUITests" */ = {
			isa = XCConfigurationList;
			buildConfigurations = (
				9A4E80682C143E530078558E /* Debug */,
				9A4E80692C143E530078558E /* Release */,
			);
			defaultConfigurationIsVisible = 0;
			defaultConfigurationName = Release;
		};
/* End XCConfigurationList section */

/* Begin XCVersionGroup section */
		9A4E80402C143E520078558E /* Movie_App.xcdatamodeld */ = {
			isa = XCVersionGroup;
			children = (
				9A4E80412C143E520078558E /* Movie_App.xcdatamodel */,
			);
			currentVersion = 9A4E80412C143E520078558E /* Movie_App.xcdatamodel */;
			path = Movie_App.xcdatamodeld;
			sourceTree = "<group>";
			versionGroupType = wrapper.xcdatamodel;
		};
/* End XCVersionGroup section */
	};
	rootObject = 9A4E802C2C143E520078558E /* Project object */;
}
